// !$*UTF8*$!
{
	archiveVersion = 1;
	classes = {
	};
	objectVersion = 56;
	objects = {

/* Begin PBXBuildFile section */
		D4D1F0012C2461DC00003163 /* ShekelApp.swift in Sources */ = {isa = PBXBuildFile; fileRef = D4D1F0002C2461DC00003163 /* ShekelApp.swift */; };
		D4D1F0032C2461DC00003163 /* ContentView.swift in Sources */ = {isa = PBXBuildFile; fileRef = D4D1F0022C2461DC00003163 /* ContentView.swift */; };
		D4D1F0052C2461DD00003163 /* Assets.xcassets in Resources */ = {isa = PBXBuildFile; fileRef = D4D1F0042C2461DD00003163 /* Assets.xcassets */; };
		D4D1F0082C2461DD00003163 /* Preview Assets.xcassets in Resources */ = {isa = PBXBuildFile; fileRef = D4D1F0072C2461DD00003163 /* Preview Assets.xcassets */; };
		D4D1F0112C24625A00003163 /* GameEntity.swift in Sources */ = {isa = PBXBuildFile; fileRef = D4D1F0102C24625A00003163 /* GameEntity.swift */; };
		D4D1F0142C24648D00003163 /* GameEntityView.swift in Sources */ = {isa = PBXBuildFile; fileRef = D4D1F0132C24648D00003163 /* GameEntityView.swift */; };
		D4D1F0162C246BEA00003163 /* SelectionHalo.swift in Sources */ = {isa = PBXBuildFile; fileRef = D4D1F0152C246BEA00003163 /* SelectionHalo.swift */; };
		D4D1F01D2C24700D00003163 /* Gremlin.swift in Sources */ = {isa = PBXBuildFile; fileRef = D4D1F01C2C24700D00003163 /* Gremlin.swift */; };
		D4D1F0212C2471A900003163 /* CoreGraphics+Extensions.swift in Sources */ = {isa = PBXBuildFile; fileRef = D4D1F01E2C2471A900003163 /* CoreGraphics+Extensions.swift */; };
		D4D1F0222C2471A900003163 /* SKNode+Extensions.swift in Sources */ = {isa = PBXBuildFile; fileRef = D4D1F01F2C2471A900003163 /* SKNode+Extensions.swift */; };
		D4D1F0242C2472F600003163 /* GameController.swift in Sources */ = {isa = PBXBuildFile; fileRef = D4D1F0232C2472F600003163 /* GameController.swift */; };
		D4D1F0262C2474E600003163 /* GameScene.swift in Sources */ = {isa = PBXBuildFile; fileRef = D4D1F0252C2474E600003163 /* GameScene.swift */; };
		D4D1F0282C2474F000003163 /* PlaygroundState.swift in Sources */ = {isa = PBXBuildFile; fileRef = D4D1F0272C2474F000003163 /* PlaygroundState.swift */; };
		D4D1F02A2C24752100003163 /* SelectionMarquee.swift in Sources */ = {isa = PBXBuildFile; fileRef = D4D1F0292C24752100003163 /* SelectionMarquee.swift */; };
		D4D1F02E2C2478D400003163 /* GameScene+Mouse.swift in Sources */ = {isa = PBXBuildFile; fileRef = D4D1F02D2C2478D400003163 /* GameScene+Mouse.swift */; };
		D4D1F0312C247C3B00003163 /* MouseDispatch.swift in Sources */ = {isa = PBXBuildFile; fileRef = D4D1F0302C247C3B00003163 /* MouseDispatch.swift */; };
		D4D1F0332C247C5300003163 /* DragDispatch.swift in Sources */ = {isa = PBXBuildFile; fileRef = D4D1F0322C247C5200003163 /* DragDispatch.swift */; };
		D4D1F0352C247C5800003163 /* ClickDispatch.swift in Sources */ = {isa = PBXBuildFile; fileRef = D4D1F0342C247C5800003163 /* ClickDispatch.swift */; };
		D4D1F0372C248A8B00003163 /* SpriteKitView.swift in Sources */ = {isa = PBXBuildFile; fileRef = D4D1F0362C248A8B00003163 /* SpriteKitView.swift */; };
		D4D1F0392C248A9100003163 /* PlaygroundStateView.swift in Sources */ = {isa = PBXBuildFile; fileRef = D4D1F0382C248A9100003163 /* PlaygroundStateView.swift */; };
		D4D1F03B2C24BB0200003163 /* SelectionHaloRS.swift in Sources */ = {isa = PBXBuildFile; fileRef = D4D1F03A2C24BB0200003163 /* SelectionHaloRS.swift */; };
		D4D1F03E2C25521E00003163 /* DashboardView.swift in Sources */ = {isa = PBXBuildFile; fileRef = D4D1F03D2C25521E00003163 /* DashboardView.swift */; };
		D4D1F0402C25542A00003163 /* CommandsView.swift in Sources */ = {isa = PBXBuildFile; fileRef = D4D1F03F2C25542A00003163 /* CommandsView.swift */; };
		D4D1F0422C25546C00003163 /* ToolsView.swift in Sources */ = {isa = PBXBuildFile; fileRef = D4D1F0412C25546C00003163 /* ToolsView.swift */; };
		D4D1F0442C25EB4500003163 /* Utility.swift in Sources */ = {isa = PBXBuildFile; fileRef = D4D1F0432C25EB4500003163 /* Utility.swift */; };
		D4D1F0462C25F5E000003163 /* PhysicsBodyView.swift in Sources */ = {isa = PBXBuildFile; fileRef = D4D1F0452C25F5E000003163 /* PhysicsBodyView.swift */; };
		D4D1F04A2C262C6700003163 /* GameControllerView.swift in Sources */ = {isa = PBXBuildFile; fileRef = D4D1F0492C262C6700003163 /* GameControllerView.swift */; };
		D4D1F04C2C26385F00003163 /* ActionsTabView.swift in Sources */ = {isa = PBXBuildFile; fileRef = D4D1F04B2C26385F00003163 /* ActionsTabView.swift */; };
		D4D1F04E2C26393D00003163 /* SpaceActionsTabView.swift in Sources */ = {isa = PBXBuildFile; fileRef = D4D1F04D2C26393D00003163 /* SpaceActionsTabView.swift */; };
		D4D1F0502C26395900003163 /* PhysicsActionsTabView.swift in Sources */ = {isa = PBXBuildFile; fileRef = D4D1F04F2C26395900003163 /* PhysicsActionsTabView.swift */; };
		D4D1F0532C26408500003163 /* ActionToken.swift in Sources */ = {isa = PBXBuildFile; fileRef = D4D1F0522C26408500003163 /* ActionToken.swift */; };
		D4D1F0552C26420F00003163 /* ActionTokenView.swift in Sources */ = {isa = PBXBuildFile; fileRef = D4D1F0542C26420F00003163 /* ActionTokenView.swift */; };
		D4D1F0572C26BD5800003163 /* ActionScrollView.swift in Sources */ = {isa = PBXBuildFile; fileRef = D4D1F0562C26BD5800003163 /* ActionScrollView.swift */; };
/* End PBXBuildFile section */

/* Begin PBXFileReference section */
		D4D1EFFD2C2461DC00003163 /* Shekel.app */ = {isa = PBXFileReference; explicitFileType = wrapper.application; includeInIndex = 0; path = Shekel.app; sourceTree = BUILT_PRODUCTS_DIR; };
		D4D1F0002C2461DC00003163 /* ShekelApp.swift */ = {isa = PBXFileReference; lastKnownFileType = sourcecode.swift; path = ShekelApp.swift; sourceTree = "<group>"; };
		D4D1F0022C2461DC00003163 /* ContentView.swift */ = {isa = PBXFileReference; lastKnownFileType = sourcecode.swift; path = ContentView.swift; sourceTree = "<group>"; };
		D4D1F0042C2461DD00003163 /* Assets.xcassets */ = {isa = PBXFileReference; lastKnownFileType = folder.assetcatalog; path = Assets.xcassets; sourceTree = "<group>"; };
		D4D1F0072C2461DD00003163 /* Preview Assets.xcassets */ = {isa = PBXFileReference; lastKnownFileType = folder.assetcatalog; path = "Preview Assets.xcassets"; sourceTree = "<group>"; };
		D4D1F0092C2461DD00003163 /* Shekel.entitlements */ = {isa = PBXFileReference; lastKnownFileType = text.plist.entitlements; path = Shekel.entitlements; sourceTree = "<group>"; };
		D4D1F0102C24625A00003163 /* GameEntity.swift */ = {isa = PBXFileReference; lastKnownFileType = sourcecode.swift; path = GameEntity.swift; sourceTree = "<group>"; };
		D4D1F0132C24648D00003163 /* GameEntityView.swift */ = {isa = PBXFileReference; lastKnownFileType = sourcecode.swift; path = GameEntityView.swift; sourceTree = "<group>"; };
		D4D1F0152C246BEA00003163 /* SelectionHalo.swift */ = {isa = PBXFileReference; lastKnownFileType = sourcecode.swift; path = SelectionHalo.swift; sourceTree = "<group>"; };
		D4D1F01C2C24700D00003163 /* Gremlin.swift */ = {isa = PBXFileReference; lastKnownFileType = sourcecode.swift; path = Gremlin.swift; sourceTree = "<group>"; };
		D4D1F01E2C2471A900003163 /* CoreGraphics+Extensions.swift */ = {isa = PBXFileReference; fileEncoding = 4; lastKnownFileType = sourcecode.swift; path = "CoreGraphics+Extensions.swift"; sourceTree = "<group>"; };
		D4D1F01F2C2471A900003163 /* SKNode+Extensions.swift */ = {isa = PBXFileReference; fileEncoding = 4; lastKnownFileType = sourcecode.swift; path = "SKNode+Extensions.swift"; sourceTree = "<group>"; };
		D4D1F0232C2472F600003163 /* GameController.swift */ = {isa = PBXFileReference; fileEncoding = 4; lastKnownFileType = sourcecode.swift; path = GameController.swift; sourceTree = "<group>"; };
		D4D1F0252C2474E600003163 /* GameScene.swift */ = {isa = PBXFileReference; fileEncoding = 4; lastKnownFileType = sourcecode.swift; path = GameScene.swift; sourceTree = "<group>"; };
		D4D1F0272C2474F000003163 /* PlaygroundState.swift */ = {isa = PBXFileReference; fileEncoding = 4; lastKnownFileType = sourcecode.swift; path = PlaygroundState.swift; sourceTree = "<group>"; };
		D4D1F0292C24752100003163 /* SelectionMarquee.swift */ = {isa = PBXFileReference; fileEncoding = 4; lastKnownFileType = sourcecode.swift; path = SelectionMarquee.swift; sourceTree = "<group>"; };
		D4D1F02D2C2478D400003163 /* GameScene+Mouse.swift */ = {isa = PBXFileReference; lastKnownFileType = sourcecode.swift; path = "GameScene+Mouse.swift"; sourceTree = "<group>"; };
		D4D1F0302C247C3B00003163 /* MouseDispatch.swift */ = {isa = PBXFileReference; lastKnownFileType = sourcecode.swift; path = MouseDispatch.swift; sourceTree = "<group>"; };
		D4D1F0322C247C5200003163 /* DragDispatch.swift */ = {isa = PBXFileReference; fileEncoding = 4; lastKnownFileType = sourcecode.swift; path = DragDispatch.swift; sourceTree = "<group>"; };
		D4D1F0342C247C5800003163 /* ClickDispatch.swift */ = {isa = PBXFileReference; fileEncoding = 4; lastKnownFileType = sourcecode.swift; path = ClickDispatch.swift; sourceTree = "<group>"; };
		D4D1F0362C248A8B00003163 /* SpriteKitView.swift */ = {isa = PBXFileReference; fileEncoding = 4; lastKnownFileType = sourcecode.swift; path = SpriteKitView.swift; sourceTree = "<group>"; };
		D4D1F0382C248A9100003163 /* PlaygroundStateView.swift */ = {isa = PBXFileReference; fileEncoding = 4; lastKnownFileType = sourcecode.swift; path = PlaygroundStateView.swift; sourceTree = "<group>"; };
		D4D1F03A2C24BB0200003163 /* SelectionHaloRS.swift */ = {isa = PBXFileReference; lastKnownFileType = sourcecode.swift; path = SelectionHaloRS.swift; sourceTree = "<group>"; };
		D4D1F03C2C2551E100003163 /* Specs.md */ = {isa = PBXFileReference; lastKnownFileType = net.daringfireball.markdown; path = Specs.md; sourceTree = "<group>"; };
		D4D1F03D2C25521E00003163 /* DashboardView.swift */ = {isa = PBXFileReference; lastKnownFileType = sourcecode.swift; path = DashboardView.swift; sourceTree = "<group>"; };
		D4D1F03F2C25542A00003163 /* CommandsView.swift */ = {isa = PBXFileReference; lastKnownFileType = sourcecode.swift; path = CommandsView.swift; sourceTree = "<group>"; };
		D4D1F0412C25546C00003163 /* ToolsView.swift */ = {isa = PBXFileReference; lastKnownFileType = sourcecode.swift; path = ToolsView.swift; sourceTree = "<group>"; };
		D4D1F0432C25EB4500003163 /* Utility.swift */ = {isa = PBXFileReference; lastKnownFileType = sourcecode.swift; path = Utility.swift; sourceTree = "<group>"; };
		D4D1F0452C25F5E000003163 /* PhysicsBodyView.swift */ = {isa = PBXFileReference; lastKnownFileType = sourcecode.swift; path = PhysicsBodyView.swift; sourceTree = "<group>"; };
		D4D1F0492C262C6700003163 /* GameControllerView.swift */ = {isa = PBXFileReference; lastKnownFileType = sourcecode.swift; path = GameControllerView.swift; sourceTree = "<group>"; };
		D4D1F04B2C26385F00003163 /* ActionsTabView.swift */ = {isa = PBXFileReference; lastKnownFileType = sourcecode.swift; path = ActionsTabView.swift; sourceTree = "<group>"; };
		D4D1F04D2C26393D00003163 /* SpaceActionsTabView.swift */ = {isa = PBXFileReference; lastKnownFileType = sourcecode.swift; path = SpaceActionsTabView.swift; sourceTree = "<group>"; };
		D4D1F04F2C26395900003163 /* PhysicsActionsTabView.swift */ = {isa = PBXFileReference; lastKnownFileType = sourcecode.swift; path = PhysicsActionsTabView.swift; sourceTree = "<group>"; };
		D4D1F0522C26408500003163 /* ActionToken.swift */ = {isa = PBXFileReference; lastKnownFileType = sourcecode.swift; path = ActionToken.swift; sourceTree = "<group>"; };
		D4D1F0542C26420F00003163 /* ActionTokenView.swift */ = {isa = PBXFileReference; lastKnownFileType = sourcecode.swift; path = ActionTokenView.swift; sourceTree = "<group>"; };
		D4D1F0562C26BD5800003163 /* ActionScrollView.swift */ = {isa = PBXFileReference; lastKnownFileType = sourcecode.swift; path = ActionScrollView.swift; sourceTree = "<group>"; };
/* End PBXFileReference section */

/* Begin PBXFrameworksBuildPhase section */
		D4D1EFFA2C2461DC00003163 /* Frameworks */ = {
			isa = PBXFrameworksBuildPhase;
			buildActionMask = 2147483647;
			files = (
			);
			runOnlyForDeploymentPostprocessing = 0;
		};
/* End PBXFrameworksBuildPhase section */

/* Begin PBXGroup section */
		D4D1EFF42C2461DC00003163 = {
			isa = PBXGroup;
			children = (
				D4D1EFFF2C2461DC00003163 /* Shekel */,
				D4D1EFFE2C2461DC00003163 /* Products */,
			);
			sourceTree = "<group>";
		};
		D4D1EFFE2C2461DC00003163 /* Products */ = {
			isa = PBXGroup;
			children = (
				D4D1EFFD2C2461DC00003163 /* Shekel.app */,
			);
			name = Products;
			sourceTree = "<group>";
		};
		D4D1EFFF2C2461DC00003163 /* Shekel */ = {
			isa = PBXGroup;
			children = (
				D4D1F0512C26406B00003163 /* ActionToken */,
				D4D1F0202C2471A900003163 /* Extensions */,
				D4D1F0172C246C5700003163 /* GameComponent */,
				D4D1F00F2C24624600003163 /* GameEntity */,
				D4D1F02F2C247C2600003163 /* MouseInput */,
				D4D1F0122C24646C00003163 /* View */,
				D4D1F0232C2472F600003163 /* GameController.swift */,
				D4D1F0252C2474E600003163 /* GameScene.swift */,
				D4D1F02D2C2478D400003163 /* GameScene+Mouse.swift */,
				D4D1F0272C2474F000003163 /* PlaygroundState.swift */,
				D4D1F0292C24752100003163 /* SelectionMarquee.swift */,
				D4D1F0002C2461DC00003163 /* ShekelApp.swift */,
				D4D1F0432C25EB4500003163 /* Utility.swift */,
				D4D1F0042C2461DD00003163 /* Assets.xcassets */,
				D4D1F0092C2461DD00003163 /* Shekel.entitlements */,
				D4D1F03C2C2551E100003163 /* Specs.md */,
				D4D1F0062C2461DD00003163 /* Preview Content */,
			);
			path = Shekel;
			sourceTree = "<group>";
		};
		D4D1F0062C2461DD00003163 /* Preview Content */ = {
			isa = PBXGroup;
			children = (
				D4D1F0072C2461DD00003163 /* Preview Assets.xcassets */,
			);
			path = "Preview Content";
			sourceTree = "<group>";
		};
		D4D1F00F2C24624600003163 /* GameEntity */ = {
			isa = PBXGroup;
			children = (
				D4D1F0102C24625A00003163 /* GameEntity.swift */,
				D4D1F01C2C24700D00003163 /* Gremlin.swift */,
			);
			path = GameEntity;
			sourceTree = "<group>";
		};
		D4D1F0122C24646C00003163 /* View */ = {
			isa = PBXGroup;
			children = (
				D4D1F04B2C26385F00003163 /* ActionsTabView.swift */,
				D4D1F0562C26BD5800003163 /* ActionScrollView.swift */,
				D4D1F0542C26420F00003163 /* ActionTokenView.swift */,
				D4D1F03F2C25542A00003163 /* CommandsView.swift */,
				D4D1F0022C2461DC00003163 /* ContentView.swift */,
				D4D1F03D2C25521E00003163 /* DashboardView.swift */,
				D4D1F0492C262C6700003163 /* GameControllerView.swift */,
				D4D1F0132C24648D00003163 /* GameEntityView.swift */,
				D4D1F04F2C26395900003163 /* PhysicsActionsTabView.swift */,
				D4D1F0452C25F5E000003163 /* PhysicsBodyView.swift */,
				D4D1F0382C248A9100003163 /* PlaygroundStateView.swift */,
				D4D1F04D2C26393D00003163 /* SpaceActionsTabView.swift */,
				D4D1F0362C248A8B00003163 /* SpriteKitView.swift */,
				D4D1F0412C25546C00003163 /* ToolsView.swift */,
			);
			path = View;
			sourceTree = "<group>";
		};
		D4D1F0172C246C5700003163 /* GameComponent */ = {
			isa = PBXGroup;
			children = (
				D4D1F0152C246BEA00003163 /* SelectionHalo.swift */,
				D4D1F03A2C24BB0200003163 /* SelectionHaloRS.swift */,
			);
			path = GameComponent;
			sourceTree = "<group>";
		};
		D4D1F0202C2471A900003163 /* Extensions */ = {
			isa = PBXGroup;
			children = (
				D4D1F01E2C2471A900003163 /* CoreGraphics+Extensions.swift */,
				D4D1F01F2C2471A900003163 /* SKNode+Extensions.swift */,
			);
			path = Extensions;
			sourceTree = "<group>";
		};
		D4D1F02F2C247C2600003163 /* MouseInput */ = {
			isa = PBXGroup;
			children = (
				D4D1F0342C247C5800003163 /* ClickDispatch.swift */,
				D4D1F0322C247C5200003163 /* DragDispatch.swift */,
				D4D1F0302C247C3B00003163 /* MouseDispatch.swift */,
			);
			path = MouseInput;
			sourceTree = "<group>";
		};
		D4D1F0512C26406B00003163 /* ActionToken */ = {
			isa = PBXGroup;
			children = (
				D4D1F0522C26408500003163 /* ActionToken.swift */,
			);
			path = ActionToken;
			sourceTree = "<group>";
		};
/* End PBXGroup section */

/* Begin PBXNativeTarget section */
		D4D1EFFC2C2461DC00003163 /* Shekel */ = {
			isa = PBXNativeTarget;
			buildConfigurationList = D4D1F00C2C2461DD00003163 /* Build configuration list for PBXNativeTarget "Shekel" */;
			buildPhases = (
				D4D1EFF92C2461DC00003163 /* Sources */,
				D4D1EFFA2C2461DC00003163 /* Frameworks */,
				D4D1EFFB2C2461DC00003163 /* Resources */,
			);
			buildRules = (
			);
			dependencies = (
			);
			name = Shekel;
			productName = Shekel;
			productReference = D4D1EFFD2C2461DC00003163 /* Shekel.app */;
			productType = "com.apple.product-type.application";
		};
/* End PBXNativeTarget section */

/* Begin PBXProject section */
		D4D1EFF52C2461DC00003163 /* Project object */ = {
			isa = PBXProject;
			attributes = {
				BuildIndependentTargetsInParallel = 1;
				LastSwiftUpdateCheck = 1540;
				LastUpgradeCheck = 1540;
				TargetAttributes = {
					D4D1EFFC2C2461DC00003163 = {
						CreatedOnToolsVersion = 15.4;
					};
				};
			};
			buildConfigurationList = D4D1EFF82C2461DC00003163 /* Build configuration list for PBXProject "Shekel" */;
			compatibilityVersion = "Xcode 14.0";
			developmentRegion = en;
			hasScannedForEncodings = 0;
			knownRegions = (
				en,
				Base,
			);
			mainGroup = D4D1EFF42C2461DC00003163;
			productRefGroup = D4D1EFFE2C2461DC00003163 /* Products */;
			projectDirPath = "";
			projectRoot = "";
			targets = (
				D4D1EFFC2C2461DC00003163 /* Shekel */,
			);
		};
/* End PBXProject section */

/* Begin PBXResourcesBuildPhase section */
		D4D1EFFB2C2461DC00003163 /* Resources */ = {
			isa = PBXResourcesBuildPhase;
			buildActionMask = 2147483647;
			files = (
				D4D1F0082C2461DD00003163 /* Preview Assets.xcassets in Resources */,
				D4D1F0052C2461DD00003163 /* Assets.xcassets in Resources */,
			);
			runOnlyForDeploymentPostprocessing = 0;
		};
/* End PBXResourcesBuildPhase section */

/* Begin PBXSourcesBuildPhase section */
		D4D1EFF92C2461DC00003163 /* Sources */ = {
			isa = PBXSourcesBuildPhase;
			buildActionMask = 2147483647;
			files = (
				D4D1F0372C248A8B00003163 /* SpriteKitView.swift in Sources */,
				D4D1F02E2C2478D400003163 /* GameScene+Mouse.swift in Sources */,
				D4D1F0422C25546C00003163 /* ToolsView.swift in Sources */,
				D4D1F0392C248A9100003163 /* PlaygroundStateView.swift in Sources */,
				D4D1F0162C246BEA00003163 /* SelectionHalo.swift in Sources */,
				D4D1F0572C26BD5800003163 /* ActionScrollView.swift in Sources */,
				D4D1F02A2C24752100003163 /* SelectionMarquee.swift in Sources */,
				D4D1F0332C247C5300003163 /* DragDispatch.swift in Sources */,
				D4D1F0312C247C3B00003163 /* MouseDispatch.swift in Sources */,
				D4D1F0242C2472F600003163 /* GameController.swift in Sources */,
				D4D1F0222C2471A900003163 /* SKNode+Extensions.swift in Sources */,
				D4D1F04C2C26385F00003163 /* ActionsTabView.swift in Sources */,
				D4D1F0532C26408500003163 /* ActionToken.swift in Sources */,
				D4D1F0352C247C5800003163 /* ClickDispatch.swift in Sources */,
				D4D1F03B2C24BB0200003163 /* SelectionHaloRS.swift in Sources */,
				D4D1F0032C2461DC00003163 /* ContentView.swift in Sources */,
				D4D1F0262C2474E600003163 /* GameScene.swift in Sources */,
				D4D1F0142C24648D00003163 /* GameEntityView.swift in Sources */,
				D4D1F0502C26395900003163 /* PhysicsActionsTabView.swift in Sources */,
				D4D1F0112C24625A00003163 /* GameEntity.swift in Sources */,
				D4D1F0442C25EB4500003163 /* Utility.swift in Sources */,
				D4D1F0282C2474F000003163 /* PlaygroundState.swift in Sources */,
				D4D1F0402C25542A00003163 /* CommandsView.swift in Sources */,
				D4D1F0552C26420F00003163 /* ActionTokenView.swift in Sources */,
				D4D1F04A2C262C6700003163 /* GameControllerView.swift in Sources */,
				D4D1F0212C2471A900003163 /* CoreGraphics+Extensions.swift in Sources */,
				D4D1F0462C25F5E000003163 /* PhysicsBodyView.swift in Sources */,
				D4D1F03E2C25521E00003163 /* DashboardView.swift in Sources */,
				D4D1F04E2C26393D00003163 /* SpaceActionsTabView.swift in Sources */,
				D4D1F0012C2461DC00003163 /* ShekelApp.swift in Sources */,
				D4D1F01D2C24700D00003163 /* Gremlin.swift in Sources */,
			);
			runOnlyForDeploymentPostprocessing = 0;
		};
/* End PBXSourcesBuildPhase section */

/* Begin XCBuildConfiguration section */
		D4D1F00A2C2461DD00003163 /* Debug */ = {
			isa = XCBuildConfiguration;
			buildSettings = {
				ALWAYS_SEARCH_USER_PATHS = NO;
				ASSETCATALOG_COMPILER_GENERATE_SWIFT_ASSET_SYMBOL_EXTENSIONS = YES;
				CLANG_ANALYZER_NONNULL = YES;
				CLANG_ANALYZER_NUMBER_OBJECT_CONVERSION = YES_AGGRESSIVE;
				CLANG_CXX_LANGUAGE_STANDARD = "gnu++20";
				CLANG_ENABLE_MODULES = YES;
				CLANG_ENABLE_OBJC_ARC = YES;
				CLANG_ENABLE_OBJC_WEAK = YES;
				CLANG_WARN_BLOCK_CAPTURE_AUTORELEASING = YES;
				CLANG_WARN_BOOL_CONVERSION = YES;
				CLANG_WARN_COMMA = YES;
				CLANG_WARN_CONSTANT_CONVERSION = YES;
				CLANG_WARN_DEPRECATED_OBJC_IMPLEMENTATIONS = YES;
				CLANG_WARN_DIRECT_OBJC_ISA_USAGE = YES_ERROR;
				CLANG_WARN_DOCUMENTATION_COMMENTS = YES;
				CLANG_WARN_EMPTY_BODY = YES;
				CLANG_WARN_ENUM_CONVERSION = YES;
				CLANG_WARN_INFINITE_RECURSION = YES;
				CLANG_WARN_INT_CONVERSION = YES;
				CLANG_WARN_NON_LITERAL_NULL_CONVERSION = YES;
				CLANG_WARN_OBJC_IMPLICIT_RETAIN_SELF = YES;
				CLANG_WARN_OBJC_LITERAL_CONVERSION = YES;
				CLANG_WARN_OBJC_ROOT_CLASS = YES_ERROR;
				CLANG_WARN_QUOTED_INCLUDE_IN_FRAMEWORK_HEADER = YES;
				CLANG_WARN_RANGE_LOOP_ANALYSIS = YES;
				CLANG_WARN_STRICT_PROTOTYPES = YES;
				CLANG_WARN_SUSPICIOUS_MOVE = YES;
				CLANG_WARN_UNGUARDED_AVAILABILITY = YES_AGGRESSIVE;
				CLANG_WARN_UNREACHABLE_CODE = YES;
				CLANG_WARN__DUPLICATE_METHOD_MATCH = YES;
				COPY_PHASE_STRIP = NO;
				DEBUG_INFORMATION_FORMAT = dwarf;
				ENABLE_STRICT_OBJC_MSGSEND = YES;
				ENABLE_TESTABILITY = YES;
				ENABLE_USER_SCRIPT_SANDBOXING = YES;
				GCC_C_LANGUAGE_STANDARD = gnu17;
				GCC_DYNAMIC_NO_PIC = NO;
				GCC_NO_COMMON_BLOCKS = YES;
				GCC_OPTIMIZATION_LEVEL = 0;
				GCC_PREPROCESSOR_DEFINITIONS = (
					"DEBUG=1",
					"$(inherited)",
				);
				GCC_WARN_64_TO_32_BIT_CONVERSION = YES;
				GCC_WARN_ABOUT_RETURN_TYPE = YES_ERROR;
				GCC_WARN_UNDECLARED_SELECTOR = YES;
				GCC_WARN_UNINITIALIZED_AUTOS = YES_AGGRESSIVE;
				GCC_WARN_UNUSED_FUNCTION = YES;
				GCC_WARN_UNUSED_VARIABLE = YES;
				LOCALIZATION_PREFERS_STRING_CATALOGS = YES;
				MACOSX_DEPLOYMENT_TARGET = 14.5;
				MTL_ENABLE_DEBUG_INFO = INCLUDE_SOURCE;
				MTL_FAST_MATH = YES;
				ONLY_ACTIVE_ARCH = YES;
				SDKROOT = macosx;
				SWIFT_ACTIVE_COMPILATION_CONDITIONS = "DEBUG $(inherited)";
				SWIFT_OPTIMIZATION_LEVEL = "-Onone";
			};
			name = Debug;
		};
		D4D1F00B2C2461DD00003163 /* Release */ = {
			isa = XCBuildConfiguration;
			buildSettings = {
				ALWAYS_SEARCH_USER_PATHS = NO;
				ASSETCATALOG_COMPILER_GENERATE_SWIFT_ASSET_SYMBOL_EXTENSIONS = YES;
				CLANG_ANALYZER_NONNULL = YES;
				CLANG_ANALYZER_NUMBER_OBJECT_CONVERSION = YES_AGGRESSIVE;
				CLANG_CXX_LANGUAGE_STANDARD = "gnu++20";
				CLANG_ENABLE_MODULES = YES;
				CLANG_ENABLE_OBJC_ARC = YES;
				CLANG_ENABLE_OBJC_WEAK = YES;
				CLANG_WARN_BLOCK_CAPTURE_AUTORELEASING = YES;
				CLANG_WARN_BOOL_CONVERSION = YES;
				CLANG_WARN_COMMA = YES;
				CLANG_WARN_CONSTANT_CONVERSION = YES;
				CLANG_WARN_DEPRECATED_OBJC_IMPLEMENTATIONS = YES;
				CLANG_WARN_DIRECT_OBJC_ISA_USAGE = YES_ERROR;
				CLANG_WARN_DOCUMENTATION_COMMENTS = YES;
				CLANG_WARN_EMPTY_BODY = YES;
				CLANG_WARN_ENUM_CONVERSION = YES;
				CLANG_WARN_INFINITE_RECURSION = YES;
				CLANG_WARN_INT_CONVERSION = YES;
				CLANG_WARN_NON_LITERAL_NULL_CONVERSION = YES;
				CLANG_WARN_OBJC_IMPLICIT_RETAIN_SELF = YES;
				CLANG_WARN_OBJC_LITERAL_CONVERSION = YES;
				CLANG_WARN_OBJC_ROOT_CLASS = YES_ERROR;
				CLANG_WARN_QUOTED_INCLUDE_IN_FRAMEWORK_HEADER = YES;
				CLANG_WARN_RANGE_LOOP_ANALYSIS = YES;
				CLANG_WARN_STRICT_PROTOTYPES = YES;
				CLANG_WARN_SUSPICIOUS_MOVE = YES;
				CLANG_WARN_UNGUARDED_AVAILABILITY = YES_AGGRESSIVE;
				CLANG_WARN_UNREACHABLE_CODE = YES;
				CLANG_WARN__DUPLICATE_METHOD_MATCH = YES;
				COPY_PHASE_STRIP = NO;
				DEBUG_INFORMATION_FORMAT = "dwarf-with-dsym";
				ENABLE_NS_ASSERTIONS = NO;
				ENABLE_STRICT_OBJC_MSGSEND = YES;
				ENABLE_USER_SCRIPT_SANDBOXING = YES;
				GCC_C_LANGUAGE_STANDARD = gnu17;
				GCC_NO_COMMON_BLOCKS = YES;
				GCC_WARN_64_TO_32_BIT_CONVERSION = YES;
				GCC_WARN_ABOUT_RETURN_TYPE = YES_ERROR;
				GCC_WARN_UNDECLARED_SELECTOR = YES;
				GCC_WARN_UNINITIALIZED_AUTOS = YES_AGGRESSIVE;
				GCC_WARN_UNUSED_FUNCTION = YES;
				GCC_WARN_UNUSED_VARIABLE = YES;
				LOCALIZATION_PREFERS_STRING_CATALOGS = YES;
				MACOSX_DEPLOYMENT_TARGET = 14.5;
				MTL_ENABLE_DEBUG_INFO = NO;
				MTL_FAST_MATH = YES;
				SDKROOT = macosx;
				SWIFT_COMPILATION_MODE = wholemodule;
			};
			name = Release;
		};
		D4D1F00D2C2461DD00003163 /* Debug */ = {
			isa = XCBuildConfiguration;
			buildSettings = {
				ASSETCATALOG_COMPILER_APPICON_NAME = AppIcon;
				ASSETCATALOG_COMPILER_GLOBAL_ACCENT_COLOR_NAME = AccentColor;
				CODE_SIGN_ENTITLEMENTS = Shekel/Shekel.entitlements;
				CODE_SIGN_STYLE = Automatic;
				COMBINE_HIDPI_IMAGES = YES;
				CURRENT_PROJECT_VERSION = 1;
				DEVELOPMENT_ASSET_PATHS = "\"Shekel/Preview Content\"";
				DEVELOPMENT_TEAM = DD983V4X84;
				ENABLE_HARDENED_RUNTIME = YES;
				ENABLE_PREVIEWS = YES;
				GENERATE_INFOPLIST_FILE = YES;
				INFOPLIST_KEY_NSHumanReadableCopyright = "";
				LD_RUNPATH_SEARCH_PATHS = (
					"$(inherited)",
					"@executable_path/../Frameworks",
				);
				MARKETING_VERSION = 1.0;
				PRODUCT_BUNDLE_IDENTIFIER = com.saganritual.Shekel;
				PRODUCT_NAME = "$(TARGET_NAME)";
				SWIFT_EMIT_LOC_STRINGS = YES;
				SWIFT_VERSION = 5.0;
			};
			name = Debug;
		};
		D4D1F00E2C2461DD00003163 /* Release */ = {
			isa = XCBuildConfiguration;
			buildSettings = {
				ASSETCATALOG_COMPILER_APPICON_NAME = AppIcon;
				ASSETCATALOG_COMPILER_GLOBAL_ACCENT_COLOR_NAME = AccentColor;
				CODE_SIGN_ENTITLEMENTS = Shekel/Shekel.entitlements;
				CODE_SIGN_STYLE = Automatic;
				COMBINE_HIDPI_IMAGES = YES;
				CURRENT_PROJECT_VERSION = 1;
				DEVELOPMENT_ASSET_PATHS = "\"Shekel/Preview Content\"";
				DEVELOPMENT_TEAM = DD983V4X84;
				ENABLE_HARDENED_RUNTIME = YES;
				ENABLE_PREVIEWS = YES;
				GENERATE_INFOPLIST_FILE = YES;
				INFOPLIST_KEY_NSHumanReadableCopyright = "";
				LD_RUNPATH_SEARCH_PATHS = (
					"$(inherited)",
					"@executable_path/../Frameworks",
				);
				MARKETING_VERSION = 1.0;
				PRODUCT_BUNDLE_IDENTIFIER = com.saganritual.Shekel;
				PRODUCT_NAME = "$(TARGET_NAME)";
				SWIFT_EMIT_LOC_STRINGS = YES;
				SWIFT_VERSION = 5.0;
			};
			name = Release;
		};
/* End XCBuildConfiguration section */

/* Begin XCConfigurationList section */
		D4D1EFF82C2461DC00003163 /* Build configuration list for PBXProject "Shekel" */ = {
			isa = XCConfigurationList;
			buildConfigurations = (
				D4D1F00A2C2461DD00003163 /* Debug */,
				D4D1F00B2C2461DD00003163 /* Release */,
			);
			defaultConfigurationIsVisible = 0;
			defaultConfigurationName = Release;
		};
		D4D1F00C2C2461DD00003163 /* Build configuration list for PBXNativeTarget "Shekel" */ = {
			isa = XCConfigurationList;
			buildConfigurations = (
				D4D1F00D2C2461DD00003163 /* Debug */,
				D4D1F00E2C2461DD00003163 /* Release */,
			);
			defaultConfigurationIsVisible = 0;
			defaultConfigurationName = Release;
		};
/* End XCConfigurationList section */
	};
	rootObject = D4D1EFF52C2461DC00003163 /* Project object */;
}
